# This file was autogenerated by uv via the following command:
#    uv pip compile pyproject.toml -o requirements.lock
attrs==26.1.0
    # via psd-tools
numpy==2.4.6
    # via
    #   psd-html (pyproject.toml)
    #   psd-tools
pillow==12.3.0
    # via
    #   psd-html (pyproject.toml)
    #   psd-tools
psd-tools==1.17.4
    # via psd-html (pyproject.toml)
resvg-py==0.3.3
    # via psd-html (pyproject.toml)
typing-extensions==4.16.0
    # via psd-tools
